
Microsoft Visual Studio Solution File, Format Version 12.00
# Visual Studio Version 16
VisualStudioVersion = 16.0.30128.74
MinimumVisualStudioVersion = 10.0.40219.1
Project("{9A19103F-16F7-4668-BE54-9A1E7A4F7556}") = "LeadBoard", "LeadBoard\LeadBoard.csproj", "{EB3ED9FE-AC61-4D95-AC9E-705D5BAB52E3}"
EndProject
Project("{9A19103F-16F7-4668-BE54-9A1E7A4F7556}") = "LoadBoard.Business", "LoadBoard.Business\LoadBoard.Business.csproj", "{EEF1A59B-4B75-42CE-970C-CE5E3522252B}"
EndProject
Project("{9A19103F-16F7-4668-BE54-9A1E7A4F7556}") = "LeadBoard.Entity", "LeadBoard.Entity\LeadBoard.Entity.csproj", "{99F215D6-9FE1-4232-9794-80E96BD06471}"
EndProject
Project("{9A19103F-16F7-4668-BE54-9A1E7A4F7556}") = "LoadBoard.Data", "LoadBoard.Data\LoadBoard.Data.csproj", "{66C30785-74AF-46E8-AEF0-53DD7D0CC6FB}"
EndProject
Global
	GlobalSection(SolutionConfigurationPlatforms) = preSolution
		Debug|Any CPU = Debug|Any CPU
		Release|Any CPU = Release|Any CPU
	EndGlobalSection
	GlobalSection(ProjectConfigurationPlatforms) = postSolution
		{EB3ED9FE-AC61-4D95-AC9E-705D5BAB52E3}.Debug|Any CPU.ActiveCfg = Debug|Any CPU
		{EB3ED9FE-AC61-4D95-AC9E-705D5BAB52E3}.Debug|Any CPU.Build.0 = Debug|Any CPU
		{EB3ED9FE-AC61-4D95-AC9E-705D5BAB52E3}.Release|Any CPU.ActiveCfg = Release|Any CPU
		{EB3ED9FE-AC61-4D95-AC9E-705D5BAB52E3}.Release|Any CPU.Build.0 = Release|Any CPU
		{EEF1A59B-4B75-42CE-970C-CE5E3522252B}.Debug|Any CPU.ActiveCfg = Debug|Any CPU
		{EEF1A59B-4B75-42CE-970C-CE5E3522252B}.Debug|Any CPU.Build.0 = Debug|Any CPU
		{EEF1A59B-4B75-42CE-970C-CE5E3522252B}.Release|Any CPU.ActiveCfg = Release|Any CPU
		{EEF1A59B-4B75-42CE-970C-CE5E3522252B}.Release|Any CPU.Build.0 = Release|Any CPU
		{99F215D6-9FE1-4232-9794-80E96BD06471}.Debug|Any CPU.ActiveCfg = Debug|Any CPU
		{99F215D6-9FE1-4232-9794-80E96BD06471}.Debug|Any CPU.Build.0 = Debug|Any CPU
		{99F215D6-9FE1-4232-9794-80E96BD06471}.Release|Any CPU.ActiveCfg = Release|Any CPU
		{99F215D6-9FE1-4232-9794-80E96BD06471}.Release|Any CPU.Build.0 = Release|Any CPU
		{66C30785-74AF-46E8-AEF0-53DD7D0CC6FB}.Debug|Any CPU.ActiveCfg = Debug|Any CPU
		{66C30785-74AF-46E8-AEF0-53DD7D0CC6FB}.Debug|Any CPU.Build.0 = Debug|Any CPU
		{66C30785-74AF-46E8-AEF0-53DD7D0CC6FB}.Release|Any CPU.ActiveCfg = Release|Any CPU
		{66C30785-74AF-46E8-AEF0-53DD7D0CC6FB}.Release|Any CPU.Build.0 = Release|Any CPU
	EndGlobalSection
	GlobalSection(SolutionProperties) = preSolution
		HideSolutionNode = FALSE
	EndGlobalSection
	GlobalSection(ExtensibilityGlobals) = postSolution
		SolutionGuid = {D171BCB0-9186-48D5-A87E-C67814490761}
	EndGlobalSection
EndGlobal
